
Microsoft Visual Studio Solution File, Format Version 11.00
# Visual Studio 2010
Project("{FAE04EC0-301F-11D3-BF4B-00C04F79EFBC}") = "EngageNet", "EngageNet\EngageNet.csproj", "{FFEC4881-58C8-43BC-B0C3-D97114725C70}"
EndProject
Project("{FAE04EC0-301F-11D3-BF4B-00C04F79EFBC}") = "EngageNet.Tests", "EngageNet.Tests\EngageNet.Tests.csproj", "{BF6B42CB-36FB-43FD-B6BE-D9333E4EE3C9}"
EndProject
Project("{FAE04EC0-301F-11D3-BF4B-00C04F79EFBC}") = "EngageNet.SampleWebsiteMvc2", "EngageNet.SampleWebsiteMvc2\EngageNet.SampleWebsiteMvc2.csproj", "{A16F82DF-D61A-4935-9D64-F44D98973270}"
EndProject
Project("{FAE04EC0-301F-11D3-BF4B-00C04F79EFBC}") = "EngageNet.Mvc", "EngageNet.Mvc\EngageNet.Mvc.csproj", "{60C8D259-A659-4B11-BAF2-54198F0ECD2C}"
EndProject
Global
	GlobalSection(SolutionConfigurationPlatforms) = preSolution
		Debug|Any CPU = Debug|Any CPU
		Release|Any CPU = Release|Any CPU
	EndGlobalSection
	GlobalSection(ProjectConfigurationPlatforms) = postSolution
		{FFEC4881-58C8-43BC-B0C3-D97114725C70}.Debug|Any CPU.ActiveCfg = Debug|Any CPU
		{FFEC4881-58C8-43BC-B0C3-D97114725C70}.Debug|Any CPU.Build.0 = Debug|Any CPU
		{FFEC4881-58C8-43BC-B0C3-D97114725C70}.Release|Any CPU.ActiveCfg = Release|Any CPU
		{FFEC4881-58C8-43BC-B0C3-D97114725C70}.Release|Any CPU.Build.0 = Release|Any CPU
		{BF6B42CB-36FB-43FD-B6BE-D9333E4EE3C9}.Debug|Any CPU.ActiveCfg = Debug|Any CPU
		{BF6B42CB-36FB-43FD-B6BE-D9333E4EE3C9}.Debug|Any CPU.Build.0 = Debug|Any CPU
		{BF6B42CB-36FB-43FD-B6BE-D9333E4EE3C9}.Release|Any CPU.ActiveCfg = Release|Any CPU
		{BF6B42CB-36FB-43FD-B6BE-D9333E4EE3C9}.Release|Any CPU.Build.0 = Release|Any CPU
		{A16F82DF-D61A-4935-9D64-F44D98973270}.Debug|Any CPU.ActiveCfg = Debug|Any CPU
		{A16F82DF-D61A-4935-9D64-F44D98973270}.Debug|Any CPU.Build.0 = Debug|Any CPU
		{A16F82DF-D61A-4935-9D64-F44D98973270}.Release|Any CPU.ActiveCfg = Release|Any CPU
		{A16F82DF-D61A-4935-9D64-F44D98973270}.Release|Any CPU.Build.0 = Release|Any CPU
		{60C8D259-A659-4B11-BAF2-54198F0ECD2C}.Debug|Any CPU.ActiveCfg = Debug|Any CPU
		{60C8D259-A659-4B11-BAF2-54198F0ECD2C}.Debug|Any CPU.Build.0 = Debug|Any CPU
		{60C8D259-A659-4B11-BAF2-54198F0ECD2C}.Release|Any CPU.ActiveCfg = Release|Any CPU
		{60C8D259-A659-4B11-BAF2-54198F0ECD2C}.Release|Any CPU.Build.0 = Release|Any CPU
	EndGlobalSection
	GlobalSection(SolutionProperties) = preSolution
		HideSolutionNode = FALSE
	EndGlobalSection
EndGlobal
